
Microsoft Visual Studio Solution File, Format Version 12.00
# Visual Studio Version 16
VisualStudioVersion = 16.0.34601.136
MinimumVisualStudioVersion = 10.0.40219.1
Project("{FAE04EC0-301F-11D3-BF4B-00C04F79EFBC}") = "Cofee_client", "Cofee_client\Cofee_client.csproj", "{97F1772B-C731-4D69-A54B-51D65D639D72}"
EndProject
Global
	GlobalSection(SolutionConfigurationPlatforms) = preSolution
		Debug|Any CPU = Debug|Any CPU
		Release|Any CPU = Release|Any CPU
	EndGlobalSection
	GlobalSection(ProjectConfigurationPlatforms) = postSolution
		{97F1772B-C731-4D69-A54B-51D65D639D72}.Debug|Any CPU.ActiveCfg = Debug|Any CPU
		{97F1772B-C731-4D69-A54B-51D65D639D72}.Debug|Any CPU.Build.0 = Debug|Any CPU
		{97F1772B-C731-4D69-A54B-51D65D639D72}.Release|Any CPU.ActiveCfg = Release|Any CPU
		{97F1772B-C731-4D69-A54B-51D65D639D72}.Release|Any CPU.Build.0 = Release|Any CPU
	EndGlobalSection
	GlobalSection(SolutionProperties) = preSolution
		HideSolutionNode = FALSE
	EndGlobalSection
	GlobalSection(ExtensibilityGlobals) = postSolution
		SolutionGuid = {DAA3B810-2451-49B5-80D0-8F9ED5637C62}
	EndGlobalSection
EndGlobal
